
Microsoft Visual Studio Solution File, Format Version 12.00
# Visual Studio Version 17
VisualStudioVersion = 17.4.33213.308
MinimumVisualStudioVersion = 10.0.40219.1
Project("{9A19103F-16F7-4668-BE54-9A1E7A4F7556}") = "Labyrinth.Console", "Labyrinth.Console\Labyrinth.Console.csproj", "{22FBD9A0-022B-4139-99C8-D5E177432604}"
EndProject
Project("{2150E333-8FDC-42A3-9474-1A3956D46DE8}") = "Solution Items", "Solution Items", "{BD86C921-181C-4360-9667-C3DD141E6B77}"
	ProjectSection(SolutionItems) = preProject
		README.md = README.md
	EndProjectSection
EndProject
Global
	GlobalSection(SolutionConfigurationPlatforms) = preSolution
		Debug|Any CPU = Debug|Any CPU
		Release|Any CPU = Release|Any CPU
	EndGlobalSection
	GlobalSection(ProjectConfigurationPlatforms) = postSolution
		{22FBD9A0-022B-4139-99C8-D5E177432604}.Debug|Any CPU.ActiveCfg = Debug|Any CPU
		{22FBD9A0-022B-4139-99C8-D5E177432604}.Debug|Any CPU.Build.0 = Debug|Any CPU
		{22FBD9A0-022B-4139-99C8-D5E177432604}.Release|Any CPU.ActiveCfg = Release|Any CPU
		{22FBD9A0-022B-4139-99C8-D5E177432604}.Release|Any CPU.Build.0 = Release|Any CPU
	EndGlobalSection
	GlobalSection(SolutionProperties) = preSolution
		HideSolutionNode = FALSE
	EndGlobalSection
	GlobalSection(ExtensibilityGlobals) = postSolution
		SolutionGuid = {F38084C1-FF29-4F97-84CE-3CD3E610A1CC}
	EndGlobalSection
EndGlobal
