
Microsoft Visual Studio Solution File, Format Version 12.00
# Visual Studio Version 17
VisualStudioVersion = 17.3.32929.385
MinimumVisualStudioVersion = 10.0.40219.1
Project("{FAE04EC0-301F-11D3-BF4B-00C04F79EFBC}") = "LabyrinthConsole", "LabyrinthConsole\LabyrinthConsole.csproj", "{BE781629-D47B-4501-80FE-8DF56346DAB0}"
EndProject
Global
	GlobalSection(SolutionConfigurationPlatforms) = preSolution
		Debug|Any CPU = Debug|Any CPU
		Release|Any CPU = Release|Any CPU
	EndGlobalSection
	GlobalSection(ProjectConfigurationPlatforms) = postSolution
		{BE781629-D47B-4501-80FE-8DF56346DAB0}.Debug|Any CPU.ActiveCfg = Debug|Any CPU
		{BE781629-D47B-4501-80FE-8DF56346DAB0}.Debug|Any CPU.Build.0 = Debug|Any CPU
		{BE781629-D47B-4501-80FE-8DF56346DAB0}.Release|Any CPU.ActiveCfg = Release|Any CPU
		{BE781629-D47B-4501-80FE-8DF56346DAB0}.Release|Any CPU.Build.0 = Release|Any CPU
	EndGlobalSection
	GlobalSection(SolutionProperties) = preSolution
		HideSolutionNode = FALSE
	EndGlobalSection
	GlobalSection(ExtensibilityGlobals) = postSolution
		SolutionGuid = {8B7B27FE-1587-407F-BC69-141EA40DDEBF}
	EndGlobalSection
EndGlobal
